
Microsoft Visual Studio Solution File, Format Version 12.00
# Visual Studio Version 17
VisualStudioVersion = 17.0.31903.59
MinimumVisualStudioVersion = 10.0.40219.1
Project("{FAE04EC0-301F-11D3-BF4B-00C04F79EFBC}") = "Planner.Domain", "Planner.Domain\Planner.Domain.csproj", "{D8EBF54A-D7C4-4879-9288-436BDD34EEC0}"
EndProject
Project("{FAE04EC0-301F-11D3-BF4B-00C04F79EFBC}") = "Planner.Application", "Planner.Application\Planner.Application.csproj", "{754B6A20-0152-48D9-9105-44D44C9608EF}"
EndProject
Project("{FAE04EC0-301F-11D3-BF4B-00C04F79EFBC}") = "Planner.Infrastructure", "Planner.Infrastructure\Planner.Infrastructure.csproj", "{65E3ECDF-CDC9-43D6-B96A-0C4A1F1FC5B6}"
EndProject
Project("{FAE04EC0-301F-11D3-BF4B-00C04F79EFBC}") = "Planner.Api", "Planner.Api\Planner.Api.csproj", "{D11E0749-00DC-4445-B77F-20F36D8B5047}"
EndProject
Project("{FAE04EC0-301F-11D3-BF4B-00C04F79EFBC}") = "Planner.UnitTests", "Planner.UnitTests\Planner.UnitTests.csproj", "{BECDFFAF-3E8D-4C1D-BB7C-986F82E3D5DE}"
EndProject
Global
	GlobalSection(SolutionConfigurationPlatforms) = preSolution
		Debug|Any CPU = Debug|Any CPU
		Release|Any CPU = Release|Any CPU
	EndGlobalSection
	GlobalSection(SolutionProperties) = preSolution
		HideSolutionNode = FALSE
	EndGlobalSection
	GlobalSection(ProjectConfigurationPlatforms) = postSolution
		{D8EBF54A-D7C4-4879-9288-436BDD34EEC0}.Debug|Any CPU.ActiveCfg = Debug|Any CPU
		{D8EBF54A-D7C4-4879-9288-436BDD34EEC0}.Debug|Any CPU.Build.0 = Debug|Any CPU
		{D8EBF54A-D7C4-4879-9288-436BDD34EEC0}.Release|Any CPU.ActiveCfg = Release|Any CPU
		{D8EBF54A-D7C4-4879-9288-436BDD34EEC0}.Release|Any CPU.Build.0 = Release|Any CPU
		{754B6A20-0152-48D9-9105-44D44C9608EF}.Debug|Any CPU.ActiveCfg = Debug|Any CPU
		{754B6A20-0152-48D9-9105-44D44C9608EF}.Debug|Any CPU.Build.0 = Debug|Any CPU
		{754B6A20-0152-48D9-9105-44D44C9608EF}.Release|Any CPU.ActiveCfg = Release|Any CPU
		{754B6A20-0152-48D9-9105-44D44C9608EF}.Release|Any CPU.Build.0 = Release|Any CPU
		{65E3ECDF-CDC9-43D6-B96A-0C4A1F1FC5B6}.Debug|Any CPU.ActiveCfg = Debug|Any CPU
		{65E3ECDF-CDC9-43D6-B96A-0C4A1F1FC5B6}.Debug|Any CPU.Build.0 = Debug|Any CPU
		{65E3ECDF-CDC9-43D6-B96A-0C4A1F1FC5B6}.Release|Any CPU.ActiveCfg = Release|Any CPU
		{65E3ECDF-CDC9-43D6-B96A-0C4A1F1FC5B6}.Release|Any CPU.Build.0 = Release|Any CPU
		{D11E0749-00DC-4445-B77F-20F36D8B5047}.Debug|Any CPU.ActiveCfg = Debug|Any CPU
		{D11E0749-00DC-4445-B77F-20F36D8B5047}.Debug|Any CPU.Build.0 = Debug|Any CPU
		{D11E0749-00DC-4445-B77F-20F36D8B5047}.Release|Any CPU.ActiveCfg = Release|Any CPU
		{D11E0749-00DC-4445-B77F-20F36D8B5047}.Release|Any CPU.Build.0 = Release|Any CPU
		{BECDFFAF-3E8D-4C1D-BB7C-986F82E3D5DE}.Debug|Any CPU.ActiveCfg = Debug|Any CPU
		{BECDFFAF-3E8D-4C1D-BB7C-986F82E3D5DE}.Debug|Any CPU.Build.0 = Debug|Any CPU
		{BECDFFAF-3E8D-4C1D-BB7C-986F82E3D5DE}.Release|Any CPU.ActiveCfg = Release|Any CPU
		{BECDFFAF-3E8D-4C1D-BB7C-986F82E3D5DE}.Release|Any CPU.Build.0 = Release|Any CPU
	EndGlobalSection
EndGlobal
